{
  "pins" : [
    {
      "identity" : "checkout-kit-swift",
      "kind" : "remoteSourceControl",
      "location" : "https://github.com/shopify/checkout-kit-swift",
      "state" : {
        "revision" : "3125cee51f53ec838d1d443f65cabdc14ff5e891",
        "version" : "0.6.0"
      }
    }
  ],
  "version" : 2
}
